{
  "name": "max.me.uk",
  "lockfileVersion": 3,
  "requires": true,
  "packages": {
    "": {
      "name": "max.me.uk",
      "dependencies": {
        "marked": "^15.0.7",
        "smol-toml": "^1.3.1"
      }
    },
    "node_modules/marked": {
      "version": "15.0.12",
      "resolved": "https://registry.npmjs.org/marked/-/marked-15.0.12.tgz",
      "integrity": "sha512-8dD6FusOQSrpv9Z1rdNMdlSgQOIP880DHqnohobOmYLElGEqAL/JvxvuxZO16r4HtjTlfPRDC1hbvxC9dPN2nA==",
      "license": "MIT",
      "bin": {
        "marked": "bin/marked.js"
      },
      "engines": {
        "node": ">= 18"
      }
    },
    "node_modules/smol-toml": {
      "version": "1.7.1",
      "resolved": "https://registry.npmjs.org/smol-toml/-/smol-toml-1.7.1.tgz",
      "integrity": "sha512-PPlsspAZ4jbMBu5DMFhfUGDQLu/vrL4SyBROVS37x8ynnVmFIs1VPBz1Co8Xks3TvpIaZXmU85y4DrQ+UyVFoQ==",
      "license": "BSD-3-Clause",
      "engines": {
        "node": ">= 18"
      },
      "funding": {
        "url": "https://github.com/sponsors/cyyynthia"
      }
    }
  }
}
